
Microsoft Visual Studio Solution File, Format Version 12.00
# Visual Studio Version 16
VisualStudioVersion = 16.0.30804.86
MinimumVisualStudioVersion = 10.0.40219.1
Project("{FAE04EC0-301F-11D3-BF4B-00C04F79EFBC}") = "AuthSystem", "AuthSystem\AuthSystem.csproj", "{61962C31-DE19-458B-9CCB-98A54196A0A2}"
EndProject
Global
	GlobalSection(SolutionConfigurationPlatforms) = preSolution
		Debug|Any CPU = Debug|Any CPU
		Release|Any CPU = Release|Any CPU
	EndGlobalSection
	GlobalSection(ProjectConfigurationPlatforms) = postSolution
		{61962C31-DE19-458B-9CCB-98A54196A0A2}.Debug|Any CPU.ActiveCfg = Debug|Any CPU
		{61962C31-DE19-458B-9CCB-98A54196A0A2}.Debug|Any CPU.Build.0 = Debug|Any CPU
		{61962C31-DE19-458B-9CCB-98A54196A0A2}.Release|Any CPU.ActiveCfg = Release|Any CPU
		{61962C31-DE19-458B-9CCB-98A54196A0A2}.Release|Any CPU.Build.0 = Release|Any CPU
	EndGlobalSection
	GlobalSection(SolutionProperties) = preSolution
		HideSolutionNode = FALSE
	EndGlobalSection
	GlobalSection(ExtensibilityGlobals) = postSolution
		SolutionGuid = {F6FC1B79-FAB9-4A89-A75D-C5B54847046B}
	EndGlobalSection
EndGlobal
